
Microsoft Visual Studio Solution File, Format Version 12.00
# Visual Studio Version 17
VisualStudioVersion = 17.0.31912.275
MinimumVisualStudioVersion = 10.0.40219.1
Project("{9A19103F-16F7-4668-BE54-9A1E7A4F7556}") = "CKO.Payments.Functions", "CKO.Payments.Functions\CKO.Payments.Functions.csproj", "{1B96CFB3-C6DD-4538-827F-EC7FD1E4444E}"
EndProject
Project("{9A19103F-16F7-4668-BE54-9A1E7A4F7556}") = "CKO.Payments.Functions.Tests", "CKO.Payments.Functions.Tests\CKO.Payments.Functions.Tests.csproj", "{FEA8E204-2DE4-4B1B-8DE8-607B523F21DD}"
EndProject
Project("{FAE04EC0-301F-11D3-BF4B-00C04F79EFBC}") = "CKO.Payments.Services", "CKO.Payments.Services\CKO.Payments.Services.csproj", "{F46E45E2-7700-44B9-B436-DF7AF498AC12}"
EndProject
Project("{FAE04EC0-301F-11D3-BF4B-00C04F79EFBC}") = "CKO.Payments.DAL", "CKO.Payments.DAL\CKO.Payments.DAL.csproj", "{0BD3875F-165E-45AE-9461-E32F6BEFC0EA}"
EndProject
Project("{FAE04EC0-301F-11D3-BF4B-00C04F79EFBC}") = "CKO.Payments.Data", "CKO.Payments.Data\CKO.Payments.Data.csproj", "{298CDAF5-0034-4BA7-A04B-2103A8E45ECD}"
EndProject
Global
	GlobalSection(SolutionConfigurationPlatforms) = preSolution
		Debug|Any CPU = Debug|Any CPU
		Release|Any CPU = Release|Any CPU
	EndGlobalSection
	GlobalSection(ProjectConfigurationPlatforms) = postSolution
		{1B96CFB3-C6DD-4538-827F-EC7FD1E4444E}.Debug|Any CPU.ActiveCfg = Debug|Any CPU
		{1B96CFB3-C6DD-4538-827F-EC7FD1E4444E}.Debug|Any CPU.Build.0 = Debug|Any CPU
		{1B96CFB3-C6DD-4538-827F-EC7FD1E4444E}.Release|Any CPU.ActiveCfg = Release|Any CPU
		{1B96CFB3-C6DD-4538-827F-EC7FD1E4444E}.Release|Any CPU.Build.0 = Release|Any CPU
		{FEA8E204-2DE4-4B1B-8DE8-607B523F21DD}.Debug|Any CPU.ActiveCfg = Debug|Any CPU
		{FEA8E204-2DE4-4B1B-8DE8-607B523F21DD}.Debug|Any CPU.Build.0 = Debug|Any CPU
		{FEA8E204-2DE4-4B1B-8DE8-607B523F21DD}.Release|Any CPU.ActiveCfg = Release|Any CPU
		{FEA8E204-2DE4-4B1B-8DE8-607B523F21DD}.Release|Any CPU.Build.0 = Release|Any CPU
		{F46E45E2-7700-44B9-B436-DF7AF498AC12}.Debug|Any CPU.ActiveCfg = Debug|Any CPU
		{F46E45E2-7700-44B9-B436-DF7AF498AC12}.Debug|Any CPU.Build.0 = Debug|Any CPU
		{F46E45E2-7700-44B9-B436-DF7AF498AC12}.Release|Any CPU.ActiveCfg = Release|Any CPU
		{F46E45E2-7700-44B9-B436-DF7AF498AC12}.Release|Any CPU.Build.0 = Release|Any CPU
		{0BD3875F-165E-45AE-9461-E32F6BEFC0EA}.Debug|Any CPU.ActiveCfg = Debug|Any CPU
		{0BD3875F-165E-45AE-9461-E32F6BEFC0EA}.Debug|Any CPU.Build.0 = Debug|Any CPU
		{0BD3875F-165E-45AE-9461-E32F6BEFC0EA}.Release|Any CPU.ActiveCfg = Release|Any CPU
		{0BD3875F-165E-45AE-9461-E32F6BEFC0EA}.Release|Any CPU.Build.0 = Release|Any CPU
		{298CDAF5-0034-4BA7-A04B-2103A8E45ECD}.Debug|Any CPU.ActiveCfg = Debug|Any CPU
		{298CDAF5-0034-4BA7-A04B-2103A8E45ECD}.Debug|Any CPU.Build.0 = Debug|Any CPU
		{298CDAF5-0034-4BA7-A04B-2103A8E45ECD}.Release|Any CPU.ActiveCfg = Release|Any CPU
		{298CDAF5-0034-4BA7-A04B-2103A8E45ECD}.Release|Any CPU.Build.0 = Release|Any CPU
	EndGlobalSection
	GlobalSection(SolutionProperties) = preSolution
		HideSolutionNode = FALSE
	EndGlobalSection
	GlobalSection(ExtensibilityGlobals) = postSolution
		SolutionGuid = {079A5427-575D-43A4-8C46-244F096CF508}
	EndGlobalSection
EndGlobal
